
Microsoft Visual Studio Solution File, Format Version 12.00
# Visual Studio Version 17
VisualStudioVersion = 17.8.34316.72
MinimumVisualStudioVersion = 10.0.40219.1
Project("{FAE04EC0-301F-11D3-BF4B-00C04F79EFBC}") = "BierpongProjectWebApi", "BierpongProjectWebApi\BierpongProjectWebApi.csproj", "{D80C343F-6649-44C2-AD93-594B6AA1821E}"
EndProject
Project("{FAE04EC0-301F-11D3-BF4B-00C04F79EFBC}") = "BierpongProjectWebApp", "BierpongProjectWebApp\BierpongProjectWebApp.csproj", "{BD5438FA-4FB1-4742-99D3-229250E986A4}"
EndProject
Project("{FAE04EC0-301F-11D3-BF4B-00C04F79EFBC}") = "BierpongBackEndApiTest", "BierpongBackEndApiTest\BierpongBackEndApiTest.csproj", "{EDAEC7FD-5D88-4956-B993-856A7980AC29}"
EndProject
Global
	GlobalSection(SolutionConfigurationPlatforms) = preSolution
		Debug|Any CPU = Debug|Any CPU
		Release|Any CPU = Release|Any CPU
	EndGlobalSection
	GlobalSection(ProjectConfigurationPlatforms) = postSolution
		{D80C343F-6649-44C2-AD93-594B6AA1821E}.Debug|Any CPU.ActiveCfg = Debug|Any CPU
		{D80C343F-6649-44C2-AD93-594B6AA1821E}.Debug|Any CPU.Build.0 = Debug|Any CPU
		{D80C343F-6649-44C2-AD93-594B6AA1821E}.Release|Any CPU.ActiveCfg = Release|Any CPU
		{D80C343F-6649-44C2-AD93-594B6AA1821E}.Release|Any CPU.Build.0 = Release|Any CPU
		{BD5438FA-4FB1-4742-99D3-229250E986A4}.Debug|Any CPU.ActiveCfg = Debug|Any CPU
		{BD5438FA-4FB1-4742-99D3-229250E986A4}.Debug|Any CPU.Build.0 = Debug|Any CPU
		{BD5438FA-4FB1-4742-99D3-229250E986A4}.Release|Any CPU.ActiveCfg = Release|Any CPU
		{BD5438FA-4FB1-4742-99D3-229250E986A4}.Release|Any CPU.Build.0 = Release|Any CPU
		{EDAEC7FD-5D88-4956-B993-856A7980AC29}.Debug|Any CPU.ActiveCfg = Debug|Any CPU
		{EDAEC7FD-5D88-4956-B993-856A7980AC29}.Debug|Any CPU.Build.0 = Debug|Any CPU
		{EDAEC7FD-5D88-4956-B993-856A7980AC29}.Release|Any CPU.ActiveCfg = Release|Any CPU
		{EDAEC7FD-5D88-4956-B993-856A7980AC29}.Release|Any CPU.Build.0 = Release|Any CPU
	EndGlobalSection
	GlobalSection(SolutionProperties) = preSolution
		HideSolutionNode = FALSE
	EndGlobalSection
	GlobalSection(ExtensibilityGlobals) = postSolution
		SolutionGuid = {1D939FF6-B0AA-4F4F-AA21-2101A3CD6D21}
	EndGlobalSection
EndGlobal
